<?xml version="1.0" encoding="utf-8"?>
<Project ToolsVersion="4.0" xmlns="http://schemas.microsoft.com/developer/msbuild/2003">
  <ItemGroup>
    <ClCompile Include="backgroud.cpp" />
    <ClCompile Include="fpsCounter.cpp" />
    <ClCompile Include="GameLoop.cpp" />
    <ClCompile Include="levelData.cpp" />
    <ClCompile Include="Main.cpp" />
    <ClCompile Include="TextureManager.cpp" />
  </ItemGroup>
  <ItemGroup>
    <ClCompile Include="Main.cpp">
      <Filter>Source Files</Filter>
    </ClCompile>
    <ClCompile Include="backgroud.cpp">
      <Filter>Source Files</Filter>
    </ClCompile>
    <ClCompile Include="levelData.cpp">
      <Filter>Source Files</Filter>
    </ClCompile>
    <ClCompile Include="fpsCounter.cpp">
      <Filter>Source Files</Filter>
    </ClCompile>
    <ClCompile Include="GameLoop.cpp">
      <Filter>Source Files</Filter>
    </ClCompile>
    <ClCompile Include="TextureManager.cpp">
      <Filter>Source Files</Filter>
    </ClCompile>
    <ClCompile Include="gameObject.cpp">
      <Filter>Source Files</Filter>
    </ClCompile>
  </ItemGroup>
  <ItemGroup>
    <ClInclude Include="Game_Loop.h">
      <Filter>Header Files</Filter>
    </ClInclude>
    <ClInclude Include="TextureManager.h">
      <Filter>Header Files</Filter>
    </ClInclude>
    <ClInclude Include="backgroud.h">
      <Filter>Header Files</Filter>
    </ClInclude>
    <ClInclude Include="fpsCounter.h">
      <Filter>Header Files</Filter>
    </ClInclude>
    <ClInclude Include="defines.h">
      <Filter>Header Files</Filter>
    </ClInclude>
    <ClInclude Include="levelData.h">
      <Filter>Header Files</Filter>
    </ClInclude>
    <ClInclude Include="gameObject.h">
      <Filter>Header Files</Filter>
    </ClInclude>
  </ItemGroup>
  <ItemGroup>
    <Image Include="..\..\..\..\Desktop\Assets\DrPlaceHolder.png">
      <Filter>Resource Files</Filter>
    </Image>

  </ItemGroup>
</Project>